%{"erlazure": {:git, "https://github.com/gullitmiranda/erlazure.git", "9c23921d0a64c954da93b98477743bbd3eac9cdc", []},
  "ex_azure": {:hex, :ex_azure, "0.1.1", "cccf1139dec783b8ea0454db7769136233e26289b284a543d0076a7b6df3e800", [:mix], []},
  "jsx": {:git, "git://github.com/talentdeficit/jsx.git", "3074d4865b3385a050badf7828ad31490d860df5", [ref: "master"]}}
