%{"erlazure": {:git, "https://github.com/PoweredBySAM/erlazure.git", "ef690e400c62ed6a301be3e827d8d8dbef4dd9c9", [branch: "bugs/jsx-version"]},
  "ex_azure": {:git, "https://github.com/PoweredBySAM/ex_azure.git", "42098adfe006a0ade3eea92ac762e949513ad5cc", [branch: "bugs/jsx-version"]},
  "jsx": {:hex, :jsx, "2.8.0", "749bec6d205c694ae1786d62cea6cc45a390437e24835fd16d12d74f07097727", [:mix, :rebar], []}}
